
Microsoft Visual Studio Solution File, Format Version 12.00
# Visual Studio 14
VisualStudioVersion = 14.0.25420.1
MinimumVisualStudioVersion = 10.0.40219.1
Project("{FAE04EC0-301F-11D3-BF4B-00C04F79EFBC}") = "OS", "OS\OS.csproj", "{E34A35C0-60A5-4936-961B-AD2FDB52B67A}"
EndProject
Project("{2150E333-8FDC-42A3-9474-1A3956D46DE8}") = "Solution Items", "Solution Items", "{F38C8AD8-0A0B-4965-9741-19A6D487C0DA}"
	ProjectSection(SolutionItems) = preProject
		build.cmd = build.cmd
		README.md = README.md
		run.cmd = run.cmd
	EndProjectSection
EndProject
Global
	GlobalSection(SolutionConfigurationPlatforms) = preSolution
		Debug|Any CPU = Debug|Any CPU
		Debug|arm = Debug|arm
		Debug|arm64 = Debug|arm64
		Debug|x64 = Debug|x64
		Debug|x86 = Debug|x86
		Release|Any CPU = Release|Any CPU
		Release|arm = Release|arm
		Release|arm64 = Release|arm64
		Release|x64 = Release|x64
		Release|x86 = Release|x86
	EndGlobalSection
	GlobalSection(ProjectConfigurationPlatforms) = postSolution
		{E34A35C0-60A5-4936-961B-AD2FDB52B67A}.Debug|Any CPU.ActiveCfg = Debug|Any CPU
		{E34A35C0-60A5-4936-961B-AD2FDB52B67A}.Debug|Any CPU.Build.0 = Debug|Any CPU
		{E34A35C0-60A5-4936-961B-AD2FDB52B67A}.Debug|arm.ActiveCfg = Debug|Any CPU
		{E34A35C0-60A5-4936-961B-AD2FDB52B67A}.Debug|arm.Build.0 = Debug|Any CPU
		{E34A35C0-60A5-4936-961B-AD2FDB52B67A}.Debug|arm64.ActiveCfg = Debug|Any CPU
		{E34A35C0-60A5-4936-961B-AD2FDB52B67A}.Debug|arm64.Build.0 = Debug|Any CPU
		{E34A35C0-60A5-4936-961B-AD2FDB52B67A}.Debug|x64.ActiveCfg = Debug|Any CPU
		{E34A35C0-60A5-4936-961B-AD2FDB52B67A}.Debug|x64.Build.0 = Debug|Any CPU
		{E34A35C0-60A5-4936-961B-AD2FDB52B67A}.Debug|x86.ActiveCfg = Debug|Any CPU
		{E34A35C0-60A5-4936-961B-AD2FDB52B67A}.Debug|x86.Build.0 = Debug|Any CPU
		{E34A35C0-60A5-4936-961B-AD2FDB52B67A}.Release|Any CPU.ActiveCfg = Release|Any CPU
		{E34A35C0-60A5-4936-961B-AD2FDB52B67A}.Release|Any CPU.Build.0 = Release|Any CPU
		{E34A35C0-60A5-4936-961B-AD2FDB52B67A}.Release|arm.ActiveCfg = Release|Any CPU
		{E34A35C0-60A5-4936-961B-AD2FDB52B67A}.Release|arm.Build.0 = Release|Any CPU
		{E34A35C0-60A5-4936-961B-AD2FDB52B67A}.Release|arm64.ActiveCfg = Release|Any CPU
		{E34A35C0-60A5-4936-961B-AD2FDB52B67A}.Release|arm64.Build.0 = Release|Any CPU
		{E34A35C0-60A5-4936-961B-AD2FDB52B67A}.Release|x64.ActiveCfg = Release|Any CPU
		{E34A35C0-60A5-4936-961B-AD2FDB52B67A}.Release|x64.Build.0 = Release|Any CPU
		{E34A35C0-60A5-4936-961B-AD2FDB52B67A}.Release|x86.ActiveCfg = Release|Any CPU
		{E34A35C0-60A5-4936-961B-AD2FDB52B67A}.Release|x86.Build.0 = Release|Any CPU
	EndGlobalSection
	GlobalSection(SolutionProperties) = preSolution
		HideSolutionNode = FALSE
	EndGlobalSection
EndGlobal
